Microsoft Visual Studio Solution File, Format Version 11.00
# Visual Studio 2008

Project("{113AF6E9-E9A5-B288-5AF6-3D463A3D16EF}") = "UnityToolkit", "Assembly-CSharp-firstpass-vs.csproj", "{931C3931-F3DF-1400-BB46-9267DC4141C5}"
EndProject
Project("{113AF6E9-E9A5-B288-5AF6-3D463A3D16EF}") = "UnityToolkit", "Assembly-CSharp-vs.csproj", "{EA382F9B-3181-5334-CAD5-879F3B2FFE9D}"
EndProject
Project("{113AF6E9-E9A5-B288-5AF6-3D463A3D16EF}") = "UnityToolkit", "Assembly-CSharp-Editor-vs.csproj", "{3765485E-1241-26CC-5D88-0839A43D6509}"
EndProject
Global
	GlobalSection(SolutionConfigurationPlatforms) = preSolution
		Debug|Any CPU = Debug|Any CPU
		Release|Any CPU = Release|Any CPU
	EndGlobalSection
	GlobalSection(ProjectConfigurationPlatforms) = postSolution
		{931C3931-F3DF-1400-BB46-9267DC4141C5}.Debug|Any CPU.ActiveCfg = Debug|Any CPU
		{931C3931-F3DF-1400-BB46-9267DC4141C5}.Debug|Any CPU.Build.0 = Debug|Any CPU
		{931C3931-F3DF-1400-BB46-9267DC4141C5}.Release|Any CPU.ActiveCfg = Release|Any CPU
		{931C3931-F3DF-1400-BB46-9267DC4141C5}.Release|Any CPU.Build.0 = Release|Any CPU
		{EA382F9B-3181-5334-CAD5-879F3B2FFE9D}.Debug|Any CPU.ActiveCfg = Debug|Any CPU
		{EA382F9B-3181-5334-CAD5-879F3B2FFE9D}.Debug|Any CPU.Build.0 = Debug|Any CPU
		{EA382F9B-3181-5334-CAD5-879F3B2FFE9D}.Release|Any CPU.ActiveCfg = Release|Any CPU
		{EA382F9B-3181-5334-CAD5-879F3B2FFE9D}.Release|Any CPU.Build.0 = Release|Any CPU
		{3765485E-1241-26CC-5D88-0839A43D6509}.Debug|Any CPU.ActiveCfg = Debug|Any CPU
		{3765485E-1241-26CC-5D88-0839A43D6509}.Debug|Any CPU.Build.0 = Debug|Any CPU
		{3765485E-1241-26CC-5D88-0839A43D6509}.Release|Any CPU.ActiveCfg = Release|Any CPU
		{3765485E-1241-26CC-5D88-0839A43D6509}.Release|Any CPU.Build.0 = Release|Any CPU
	EndGlobalSection
	GlobalSection(SolutionProperties) = preSolution
		HideSolutionNode = FALSE
	EndGlobalSection
																																																																					GlobalSection(MonoDevelopProperties) = preSolution
		StartupItem = Assembly-CSharp.csproj
		Policies = $0
		$0.TextStylePolicy = $1
		$1.inheritsSet = null
		$1.scope = text/x-csharp
		$0.CSharpFormattingPolicy = $2
		$2.inheritsSet = Mono
		$2.inheritsScope = text/x-csharp
		$2.scope = text/x-csharp
		$0.TextStylePolicy = $3
		$3.FileWidth = 120
		$3.TabWidth = 4
		$3.EolMarker = Unix
		$3.inheritsSet = Mono
		$3.inheritsScope = text/plain
		$3.scope = text/plain
	EndGlobalSection

EndGlobal
